// !$*UTF8*$!
{
	archiveVersion = 1;
	classes = {
	};
	objectVersion = 56;
	objects = {

/* Begin PBXBuildFile section */
		414355B829F44C310021D1BF /* GoogleService-Info.plist in Resources */ = {isa = PBXBuildFile; fileRef = 414355B729F44C310021D1BF /* GoogleService-Info.plist */; };
		414355BB29F44D400021D1BF /* FirebaseAnalytics in Frameworks */ = {isa = PBXBuildFile; productRef = 414355BA29F44D400021D1BF /* FirebaseAnalytics */; };
		414355BD29F44D400021D1BF /* FirebaseAnalyticsOnDeviceConversion in Frameworks */ = {isa = PBXBuildFile; productRef = 414355BC29F44D400021D1BF /* FirebaseAnalyticsOnDeviceConversion */; };
		414355BF29F44D400021D1BF /* FirebaseAnalyticsSwift in Frameworks */ = {isa = PBXBuildFile; productRef = 414355BE29F44D400021D1BF /* FirebaseAnalyticsSwift */; };
		414355C129F44D400021D1BF /* FirebaseAnalyticsWithoutAdIdSupport in Frameworks */ = {isa = PBXBuildFile; productRef = 414355C029F44D400021D1BF /* FirebaseAnalyticsWithoutAdIdSupport */; };
		414355C329F44D400021D1BF /* FirebaseAppCheck in Frameworks */ = {isa = PBXBuildFile; productRef = 414355C229F44D400021D1BF /* FirebaseAppCheck */; };
		414355C529F44D400021D1BF /* FirebaseAppDistribution-Beta in Frameworks */ = {isa = PBXBuildFile; productRef = 414355C429F44D400021D1BF /* FirebaseAppDistribution-Beta */; };
		414355C729F44D400021D1BF /* FirebaseAuth in Frameworks */ = {isa = PBXBuildFile; productRef = 414355C629F44D400021D1BF /* FirebaseAuth */; };
		414355C929F44D400021D1BF /* FirebaseAuthCombine-Community in Frameworks */ = {isa = PBXBuildFile; productRef = 414355C829F44D400021D1BF /* FirebaseAuthCombine-Community */; };
		414355CB29F44D400021D1BF /* FirebaseCrashlytics in Frameworks */ = {isa = PBXBuildFile; productRef = 414355CA29F44D400021D1BF /* FirebaseCrashlytics */; };
		414355CD29F44D400021D1BF /* FirebaseDatabase in Frameworks */ = {isa = PBXBuildFile; productRef = 414355CC29F44D400021D1BF /* FirebaseDatabase */; };
		414355CF29F44D400021D1BF /* FirebaseDatabaseSwift in Frameworks */ = {isa = PBXBuildFile; productRef = 414355CE29F44D400021D1BF /* FirebaseDatabaseSwift */; };
		414355D129F44D400021D1BF /* FirebaseFirestore in Frameworks */ = {isa = PBXBuildFile; productRef = 414355D029F44D400021D1BF /* FirebaseFirestore */; };
		414355D329F44D400021D1BF /* FirebaseFirestoreSwift in Frameworks */ = {isa = PBXBuildFile; productRef = 414355D229F44D400021D1BF /* FirebaseFirestoreSwift */; };
		414355D529F44D400021D1BF /* FirebaseMessaging in Frameworks */ = {isa = PBXBuildFile; productRef = 414355D429F44D400021D1BF /* FirebaseMessaging */; };
		414355D729F44D400021D1BF /* FirebasePerformance in Frameworks */ = {isa = PBXBuildFile; productRef = 414355D629F44D400021D1BF /* FirebasePerformance */; };
		414355D929F44D400021D1BF /* FirebaseRemoteConfig in Frameworks */ = {isa = PBXBuildFile; productRef = 414355D829F44D400021D1BF /* FirebaseRemoteConfig */; };
		414355DB29F44D400021D1BF /* FirebaseRemoteConfigSwift in Frameworks */ = {isa = PBXBuildFile; productRef = 414355DA29F44D400021D1BF /* FirebaseRemoteConfigSwift */; };
		414355DD29F44D400021D1BF /* FirebaseStorage in Frameworks */ = {isa = PBXBuildFile; productRef = 414355DC29F44D400021D1BF /* FirebaseStorage */; };
		414355DF29F44D400021D1BF /* FirebaseStorageCombine-Community in Frameworks */ = {isa = PBXBuildFile; productRef = 414355DE29F44D400021D1BF /* FirebaseStorageCombine-Community */; };
		414355E129F460240021D1BF /* UserScreen.swift in Sources */ = {isa = PBXBuildFile; fileRef = 414355E029F460240021D1BF /* UserScreen.swift */; };
		41F7075829F2C3B1009281D6 /* ShoppingAppApp.swift in Sources */ = {isa = PBXBuildFile; fileRef = 41F7075729F2C3B1009281D6 /* ShoppingAppApp.swift */; };
		41F7075A29F2C3B1009281D6 /* ContentView.swift in Sources */ = {isa = PBXBuildFile; fileRef = 41F7075929F2C3B1009281D6 /* ContentView.swift */; };
		41F7075C29F2C3B2009281D6 /* Assets.xcassets in Resources */ = {isa = PBXBuildFile; fileRef = 41F7075B29F2C3B2009281D6 /* Assets.xcassets */; };
		41F7075F29F2C3B2009281D6 /* Preview Assets.xcassets in Resources */ = {isa = PBXBuildFile; fileRef = 41F7075E29F2C3B2009281D6 /* Preview Assets.xcassets */; };
		41F7076629F2C3EF009281D6 /* AddBasket.swift in Sources */ = {isa = PBXBuildFile; fileRef = 41F7076529F2C3EF009281D6 /* AddBasket.swift */; };
		41F7076829F2C413009281D6 /* AdScrollView.swift in Sources */ = {isa = PBXBuildFile; fileRef = 41F7076729F2C413009281D6 /* AdScrollView.swift */; };
		41F7076A29F2C442009281D6 /* DiscountCategory.swift in Sources */ = {isa = PBXBuildFile; fileRef = 41F7076929F2C442009281D6 /* DiscountCategory.swift */; };
		41F7076C29F2C465009281D6 /* ProductPreview.swift in Sources */ = {isa = PBXBuildFile; fileRef = 41F7076B29F2C465009281D6 /* ProductPreview.swift */; };
		41F7076E29F2C48B009281D6 /* SearchBar.swift in Sources */ = {isa = PBXBuildFile; fileRef = 41F7076D29F2C48B009281D6 /* SearchBar.swift */; };
		41F7077229F2C7AF009281D6 /* BottonBarItem.swift in Sources */ = {isa = PBXBuildFile; fileRef = 41F7077129F2C7AF009281D6 /* BottonBarItem.swift */; };
		41F7077429F3064C009281D6 /* AdScrollView2.swift in Sources */ = {isa = PBXBuildFile; fileRef = 41F7077329F3064C009281D6 /* AdScrollView2.swift */; };
		41F7077629F31455009281D6 /* Categories.swift in Sources */ = {isa = PBXBuildFile; fileRef = 41F7077529F31455009281D6 /* Categories.swift */; };
/* End PBXBuildFile section */

/* Begin PBXFileReference section */
		414355B729F44C310021D1BF /* GoogleService-Info.plist */ = {isa = PBXFileReference; fileEncoding = 4; lastKnownFileType = text.plist.xml; path = "GoogleService-Info.plist"; sourceTree = "<group>"; };
		414355E029F460240021D1BF /* UserScreen.swift */ = {isa = PBXFileReference; lastKnownFileType = sourcecode.swift; path = UserScreen.swift; sourceTree = "<group>"; };
		41F7075429F2C3B1009281D6 /* ShoppingApp.app */ = {isa = PBXFileReference; explicitFileType = wrapper.application; includeInIndex = 0; path = ShoppingApp.app; sourceTree = BUILT_PRODUCTS_DIR; };
		41F7075729F2C3B1009281D6 /* ShoppingAppApp.swift */ = {isa = PBXFileReference; lastKnownFileType = sourcecode.swift; path = ShoppingAppApp.swift; sourceTree = "<group>"; };
		41F7075929F2C3B1009281D6 /* ContentView.swift */ = {isa = PBXFileReference; lastKnownFileType = sourcecode.swift; path = ContentView.swift; sourceTree = "<group>"; };
		41F7075B29F2C3B2009281D6 /* Assets.xcassets */ = {isa = PBXFileReference; lastKnownFileType = folder.assetcatalog; path = Assets.xcassets; sourceTree = "<group>"; };
		41F7075E29F2C3B2009281D6 /* Preview Assets.xcassets */ = {isa = PBXFileReference; lastKnownFileType = folder.assetcatalog; path = "Preview Assets.xcassets"; sourceTree = "<group>"; };
		41F7076529F2C3EF009281D6 /* AddBasket.swift */ = {isa = PBXFileReference; lastKnownFileType = sourcecode.swift; path = AddBasket.swift; sourceTree = "<group>"; };
		41F7076729F2C413009281D6 /* AdScrollView.swift */ = {isa = PBXFileReference; lastKnownFileType = sourcecode.swift; path = AdScrollView.swift; sourceTree = "<group>"; };
		41F7076929F2C442009281D6 /* DiscountCategory.swift */ = {isa = PBXFileReference; lastKnownFileType = sourcecode.swift; path = DiscountCategory.swift; sourceTree = "<group>"; };
		41F7076B29F2C465009281D6 /* ProductPreview.swift */ = {isa = PBXFileReference; lastKnownFileType = sourcecode.swift; path = ProductPreview.swift; sourceTree = "<group>"; };
		41F7076D29F2C48B009281D6 /* SearchBar.swift */ = {isa = PBXFileReference; lastKnownFileType = sourcecode.swift; path = SearchBar.swift; sourceTree = "<group>"; };
		41F7077129F2C7AF009281D6 /* BottonBarItem.swift */ = {isa = PBXFileReference; lastKnownFileType = sourcecode.swift; path = BottonBarItem.swift; sourceTree = "<group>"; };
		41F7077329F3064C009281D6 /* AdScrollView2.swift */ = {isa = PBXFileReference; lastKnownFileType = sourcecode.swift; path = AdScrollView2.swift; sourceTree = "<group>"; };
		41F7077529F31455009281D6 /* Categories.swift */ = {isa = PBXFileReference; lastKnownFileType = sourcecode.swift; path = Categories.swift; sourceTree = "<group>"; };
/* End PBXFileReference section */

/* Begin PBXFrameworksBuildPhase section */
		41F7075129F2C3B1009281D6 /* Frameworks */ = {
			isa = PBXFrameworksBuildPhase;
			buildActionMask = 2147483647;
			files = (
				414355CD29F44D400021D1BF /* FirebaseDatabase in Frameworks */,
				414355BF29F44D400021D1BF /* FirebaseAnalyticsSwift in Frameworks */,
				414355D729F44D400021D1BF /* FirebasePerformance in Frameworks */,
				414355D529F44D400021D1BF /* FirebaseMessaging in Frameworks */,
				414355BB29F44D400021D1BF /* FirebaseAnalytics in Frameworks */,
				414355BD29F44D400021D1BF /* FirebaseAnalyticsOnDeviceConversion in Frameworks */,
				414355DF29F44D400021D1BF /* FirebaseStorageCombine-Community in Frameworks */,
				414355C329F44D400021D1BF /* FirebaseAppCheck in Frameworks */,
				414355D929F44D400021D1BF /* FirebaseRemoteConfig in Frameworks */,
				414355D129F44D400021D1BF /* FirebaseFirestore in Frameworks */,
				414355DB29F44D400021D1BF /* FirebaseRemoteConfigSwift in Frameworks */,
				414355C129F44D400021D1BF /* FirebaseAnalyticsWithoutAdIdSupport in Frameworks */,
				414355DD29F44D400021D1BF /* FirebaseStorage in Frameworks */,
				414355D329F44D400021D1BF /* FirebaseFirestoreSwift in Frameworks */,
				414355C729F44D400021D1BF /* FirebaseAuth in Frameworks */,
				414355CB29F44D400021D1BF /* FirebaseCrashlytics in Frameworks */,
				414355CF29F44D400021D1BF /* FirebaseDatabaseSwift in Frameworks */,
				414355C529F44D400021D1BF /* FirebaseAppDistribution-Beta in Frameworks */,
				414355C929F44D400021D1BF /* FirebaseAuthCombine-Community in Frameworks */,
			);
			runOnlyForDeploymentPostprocessing = 0;
		};
/* End PBXFrameworksBuildPhase section */

/* Begin PBXGroup section */
		41F7074B29F2C3B1009281D6 = {
			isa = PBXGroup;
			children = (
				41F7075629F2C3B1009281D6 /* ShoppingApp */,
				41F7075529F2C3B1009281D6 /* Products */,
			);
			sourceTree = "<group>";
		};
		41F7075529F2C3B1009281D6 /* Products */ = {
			isa = PBXGroup;
			children = (
				41F7075429F2C3B1009281D6 /* ShoppingApp.app */,
			);
			name = Products;
			sourceTree = "<group>";
		};
		41F7075629F2C3B1009281D6 /* ShoppingApp */ = {
			isa = PBXGroup;
			children = (
				41F7075729F2C3B1009281D6 /* ShoppingAppApp.swift */,
				41F7075929F2C3B1009281D6 /* ContentView.swift */,
				41F7075B29F2C3B2009281D6 /* Assets.xcassets */,
				41F7076729F2C413009281D6 /* AdScrollView.swift */,
				41F7076B29F2C465009281D6 /* ProductPreview.swift */,
				41F7076529F2C3EF009281D6 /* AddBasket.swift */,
				41F7077329F3064C009281D6 /* AdScrollView2.swift */,
				41F7077129F2C7AF009281D6 /* BottonBarItem.swift */,
				41F7076929F2C442009281D6 /* DiscountCategory.swift */,
				414355E029F460240021D1BF /* UserScreen.swift */,
				41F7076D29F2C48B009281D6 /* SearchBar.swift */,
				41F7077529F31455009281D6 /* Categories.swift */,
				414355B729F44C310021D1BF /* GoogleService-Info.plist */,
				41F7075D29F2C3B2009281D6 /* Preview Content */,
			);
			path = ShoppingApp;
			sourceTree = "<group>";
		};
		41F7075D29F2C3B2009281D6 /* Preview Content */ = {
			isa = PBXGroup;
			children = (
				41F7075E29F2C3B2009281D6 /* Preview Assets.xcassets */,
			);
			path = "Preview Content";
			sourceTree = "<group>";
		};
/* End PBXGroup section */

/* Begin PBXNativeTarget section */
		41F7075329F2C3B1009281D6 /* ShoppingApp */ = {
			isa = PBXNativeTarget;
			buildConfigurationList = 41F7076229F2C3B2009281D6 /* Build configuration list for PBXNativeTarget "ShoppingApp" */;
			buildPhases = (
				41F7075029F2C3B1009281D6 /* Sources */,
				41F7075129F2C3B1009281D6 /* Frameworks */,
				41F7075229F2C3B1009281D6 /* Resources */,
			);
			buildRules = (
			);
			dependencies = (
			);
			name = ShoppingApp;
			packageProductDependencies = (
				414355BA29F44D400021D1BF /* FirebaseAnalytics */,
				414355BC29F44D400021D1BF /* FirebaseAnalyticsOnDeviceConversion */,
				414355BE29F44D400021D1BF /* FirebaseAnalyticsSwift */,
				414355C029F44D400021D1BF /* FirebaseAnalyticsWithoutAdIdSupport */,
				414355C229F44D400021D1BF /* FirebaseAppCheck */,
				414355C429F44D400021D1BF /* FirebaseAppDistribution-Beta */,
				414355C629F44D400021D1BF /* FirebaseAuth */,
				414355C829F44D400021D1BF /* FirebaseAuthCombine-Community */,
				414355CA29F44D400021D1BF /* FirebaseCrashlytics */,
				414355CC29F44D400021D1BF /* FirebaseDatabase */,
				414355CE29F44D400021D1BF /* FirebaseDatabaseSwift */,
				414355D029F44D400021D1BF /* FirebaseFirestore */,
				414355D229F44D400021D1BF /* FirebaseFirestoreSwift */,
				414355D429F44D400021D1BF /* FirebaseMessaging */,
				414355D629F44D400021D1BF /* FirebasePerformance */,
				414355D829F44D400021D1BF /* FirebaseRemoteConfig */,
				414355DA29F44D400021D1BF /* FirebaseRemoteConfigSwift */,
				414355DC29F44D400021D1BF /* FirebaseStorage */,
				414355DE29F44D400021D1BF /* FirebaseStorageCombine-Community */,
			);
			productName = ShoppingApp;
			productReference = 41F7075429F2C3B1009281D6 /* ShoppingApp.app */;
			productType = "com.apple.product-type.application";
		};
/* End PBXNativeTarget section */

/* Begin PBXProject section */
		41F7074C29F2C3B1009281D6 /* Project object */ = {
			isa = PBXProject;
			attributes = {
				BuildIndependentTargetsInParallel = 1;
				LastSwiftUpdateCheck = 1430;
				LastUpgradeCheck = 1430;
				TargetAttributes = {
					41F7075329F2C3B1009281D6 = {
						CreatedOnToolsVersion = 14.3;
					};
				};
			};
			buildConfigurationList = 41F7074F29F2C3B1009281D6 /* Build configuration list for PBXProject "ShoppingApp" */;
			compatibilityVersion = "Xcode 14.0";
			developmentRegion = en;
			hasScannedForEncodings = 0;
			knownRegions = (
				en,
				Base,
			);
			mainGroup = 41F7074B29F2C3B1009281D6;
			packageReferences = (
				414355B929F44D400021D1BF /* XCRemoteSwiftPackageReference "firebase-ios-sdk" */,
			);
			productRefGroup = 41F7075529F2C3B1009281D6 /* Products */;
			projectDirPath = "";
			projectRoot = "";
			targets = (
				41F7075329F2C3B1009281D6 /* ShoppingApp */,
			);
		};
/* End PBXProject section */

/* Begin PBXResourcesBuildPhase section */
		41F7075229F2C3B1009281D6 /* Resources */ = {
			isa = PBXResourcesBuildPhase;
			buildActionMask = 2147483647;
			files = (
				414355B829F44C310021D1BF /* GoogleService-Info.plist in Resources */,
				41F7075F29F2C3B2009281D6 /* Preview Assets.xcassets in Resources */,
				41F7075C29F2C3B2009281D6 /* Assets.xcassets in Resources */,
			);
			runOnlyForDeploymentPostprocessing = 0;
		};
/* End PBXResourcesBuildPhase section */

/* Begin PBXSourcesBuildPhase section */
		41F7075029F2C3B1009281D6 /* Sources */ = {
			isa = PBXSourcesBuildPhase;
			buildActionMask = 2147483647;
			files = (
				41F7077229F2C7AF009281D6 /* BottonBarItem.swift in Sources */,
				41F7076E29F2C48B009281D6 /* SearchBar.swift in Sources */,
				41F7077429F3064C009281D6 /* AdScrollView2.swift in Sources */,
				41F7076829F2C413009281D6 /* AdScrollView.swift in Sources */,
				41F7076629F2C3EF009281D6 /* AddBasket.swift in Sources */,
				41F7076C29F2C465009281D6 /* ProductPreview.swift in Sources */,
				414355E129F460240021D1BF /* UserScreen.swift in Sources */,
				41F7075A29F2C3B1009281D6 /* ContentView.swift in Sources */,
				41F7077629F31455009281D6 /* Categories.swift in Sources */,
				41F7076A29F2C442009281D6 /* DiscountCategory.swift in Sources */,
				41F7075829F2C3B1009281D6 /* ShoppingAppApp.swift in Sources */,
			);
			runOnlyForDeploymentPostprocessing = 0;
		};
/* End PBXSourcesBuildPhase section */

/* Begin XCBuildConfiguration section */
		41F7076029F2C3B2009281D6 /* Debug */ = {
			isa = XCBuildConfiguration;
			buildSettings = {
				ALWAYS_SEARCH_USER_PATHS = NO;
				CLANG_ANALYZER_NONNULL = YES;
				CLANG_ANALYZER_NUMBER_OBJECT_CONVERSION = YES_AGGRESSIVE;
				CLANG_CXX_LANGUAGE_STANDARD = "gnu++20";
				CLANG_ENABLE_MODULES = YES;
				CLANG_ENABLE_OBJC_ARC = YES;
				CLANG_ENABLE_OBJC_WEAK = YES;
				CLANG_WARN_BLOCK_CAPTURE_AUTORELEASING = YES;
				CLANG_WARN_BOOL_CONVERSION = YES;
				CLANG_WARN_COMMA = YES;
				CLANG_WARN_CONSTANT_CONVERSION = YES;
				CLANG_WARN_DEPRECATED_OBJC_IMPLEMENTATIONS = YES;
				CLANG_WARN_DIRECT_OBJC_ISA_USAGE = YES_ERROR;
				CLANG_WARN_DOCUMENTATION_COMMENTS = YES;
				CLANG_WARN_EMPTY_BODY = YES;
				CLANG_WARN_ENUM_CONVERSION = YES;
				CLANG_WARN_INFINITE_RECURSION = YES;
				CLANG_WARN_INT_CONVERSION = YES;
				CLANG_WARN_NON_LITERAL_NULL_CONVERSION = YES;
				CLANG_WARN_OBJC_IMPLICIT_RETAIN_SELF = YES;
				CLANG_WARN_OBJC_LITERAL_CONVERSION = YES;
				CLANG_WARN_OBJC_ROOT_CLASS = YES_ERROR;
				CLANG_WARN_QUOTED_INCLUDE_IN_FRAMEWORK_HEADER = YES;
				CLANG_WARN_RANGE_LOOP_ANALYSIS = YES;
				CLANG_WARN_STRICT_PROTOTYPES = YES;
				CLANG_WARN_SUSPICIOUS_MOVE = YES;
				CLANG_WARN_UNGUARDED_AVAILABILITY = YES_AGGRESSIVE;
				CLANG_WARN_UNREACHABLE_CODE = YES;
				CLANG_WARN__DUPLICATE_METHOD_MATCH = YES;
				COPY_PHASE_STRIP = NO;
				DEBUG_INFORMATION_FORMAT = dwarf;
				ENABLE_STRICT_OBJC_MSGSEND = YES;
				ENABLE_TESTABILITY = YES;
				GCC_C_LANGUAGE_STANDARD = gnu11;
				GCC_DYNAMIC_NO_PIC = NO;
				GCC_NO_COMMON_BLOCKS = YES;
				GCC_OPTIMIZATION_LEVEL = 0;
				GCC_PREPROCESSOR_DEFINITIONS = (
					"DEBUG=1",
					"$(inherited)",
				);
				GCC_WARN_64_TO_32_BIT_CONVERSION = YES;
				GCC_WARN_ABOUT_RETURN_TYPE = YES_ERROR;
				GCC_WARN_UNDECLARED_SELECTOR = YES;
				GCC_WARN_UNINITIALIZED_AUTOS = YES_AGGRESSIVE;
				GCC_WARN_UNUSED_FUNCTION = YES;
				GCC_WARN_UNUSED_VARIABLE = YES;
				IPHONEOS_DEPLOYMENT_TARGET = 16.4;
				MTL_ENABLE_DEBUG_INFO = INCLUDE_SOURCE;
				MTL_FAST_MATH = YES;
				ONLY_ACTIVE_ARCH = YES;
				SDKROOT = iphoneos;
				SWIFT_ACTIVE_COMPILATION_CONDITIONS = DEBUG;
				SWIFT_OPTIMIZATION_LEVEL = "-Onone";
			};
			name = Debug;
		};
		41F7076129F2C3B2009281D6 /* Release */ = {
			isa = XCBuildConfiguration;
			buildSettings = {
				ALWAYS_SEARCH_USER_PATHS = NO;
				CLANG_ANALYZER_NONNULL = YES;
				CLANG_ANALYZER_NUMBER_OBJECT_CONVERSION = YES_AGGRESSIVE;
				CLANG_CXX_LANGUAGE_STANDARD = "gnu++20";
				CLANG_ENABLE_MODULES = YES;
				CLANG_ENABLE_OBJC_ARC = YES;
				CLANG_ENABLE_OBJC_WEAK = YES;
				CLANG_WARN_BLOCK_CAPTURE_AUTORELEASING = YES;
				CLANG_WARN_BOOL_CONVERSION = YES;
				CLANG_WARN_COMMA = YES;
				CLANG_WARN_CONSTANT_CONVERSION = YES;
				CLANG_WARN_DEPRECATED_OBJC_IMPLEMENTATIONS = YES;
				CLANG_WARN_DIRECT_OBJC_ISA_USAGE = YES_ERROR;
				CLANG_WARN_DOCUMENTATION_COMMENTS = YES;
				CLANG_WARN_EMPTY_BODY = YES;
				CLANG_WARN_ENUM_CONVERSION = YES;
				CLANG_WARN_INFINITE_RECURSION = YES;
				CLANG_WARN_INT_CONVERSION = YES;
				CLANG_WARN_NON_LITERAL_NULL_CONVERSION = YES;
				CLANG_WARN_OBJC_IMPLICIT_RETAIN_SELF = YES;
				CLANG_WARN_OBJC_LITERAL_CONVERSION = YES;
				CLANG_WARN_OBJC_ROOT_CLASS = YES_ERROR;
				CLANG_WARN_QUOTED_INCLUDE_IN_FRAMEWORK_HEADER = YES;
				CLANG_WARN_RANGE_LOOP_ANALYSIS = YES;
				CLANG_WARN_STRICT_PROTOTYPES = YES;
				CLANG_WARN_SUSPICIOUS_MOVE = YES;
				CLANG_WARN_UNGUARDED_AVAILABILITY = YES_AGGRESSIVE;
				CLANG_WARN_UNREACHABLE_CODE = YES;
				CLANG_WARN__DUPLICATE_METHOD_MATCH = YES;
				COPY_PHASE_STRIP = NO;
				DEBUG_INFORMATION_FORMAT = "dwarf-with-dsym";
				ENABLE_NS_ASSERTIONS = NO;
				ENABLE_STRICT_OBJC_MSGSEND = YES;
				GCC_C_LANGUAGE_STANDARD = gnu11;
				GCC_NO_COMMON_BLOCKS = YES;
				GCC_WARN_64_TO_32_BIT_CONVERSION = YES;
				GCC_WARN_ABOUT_RETURN_TYPE = YES_ERROR;
				GCC_WARN_UNDECLARED_SELECTOR = YES;
				GCC_WARN_UNINITIALIZED_AUTOS = YES_AGGRESSIVE;
				GCC_WARN_UNUSED_FUNCTION = YES;
				GCC_WARN_UNUSED_VARIABLE = YES;
				IPHONEOS_DEPLOYMENT_TARGET = 16.4;
				MTL_ENABLE_DEBUG_INFO = NO;
				MTL_FAST_MATH = YES;
				SDKROOT = iphoneos;
				SWIFT_COMPILATION_MODE = wholemodule;
				SWIFT_OPTIMIZATION_LEVEL = "-O";
				VALIDATE_PRODUCT = YES;
			};
			name = Release;
		};
		41F7076329F2C3B2009281D6 /* Debug */ = {
			isa = XCBuildConfiguration;
			buildSettings = {
				ASSETCATALOG_COMPILER_APPICON_NAME = AppIcon;
				ASSETCATALOG_COMPILER_GLOBAL_ACCENT_COLOR_NAME = AccentColor;
				CODE_SIGN_STYLE = Automatic;
				CURRENT_PROJECT_VERSION = 1;
				DEVELOPMENT_ASSET_PATHS = "\"ShoppingApp/Preview Content\"";
				DEVELOPMENT_TEAM = 375Q233TBW;
				ENABLE_PREVIEWS = YES;
				GENERATE_INFOPLIST_FILE = YES;
				INFOPLIST_KEY_UIApplicationSceneManifest_Generation = YES;
				INFOPLIST_KEY_UIApplicationSupportsIndirectInputEvents = YES;
				INFOPLIST_KEY_UILaunchScreen_Generation = YES;
				INFOPLIST_KEY_UISupportedInterfaceOrientations_iPad = "UIInterfaceOrientationPortrait UIInterfaceOrientationPortraitUpsideDown UIInterfaceOrientationLandscapeLeft UIInterfaceOrientationLandscapeRight";
				INFOPLIST_KEY_UISupportedInterfaceOrientations_iPhone = "UIInterfaceOrientationPortrait UIInterfaceOrientationLandscapeLeft UIInterfaceOrientationLandscapeRight";
				LD_RUNPATH_SEARCH_PATHS = (
					"$(inherited)",
					"@executable_path/Frameworks",
				);
				MARKETING_VERSION = 1.0;
				PRODUCT_BUNDLE_IDENTIFIER = com.Tolgahan.ShoppingApp;
				PRODUCT_NAME = "$(TARGET_NAME)";
				SWIFT_EMIT_LOC_STRINGS = YES;
				SWIFT_VERSION = 5.0;
				TARGETED_DEVICE_FAMILY = "1,2";
			};
			name = Debug;
		};
		41F7076429F2C3B2009281D6 /* Release */ = {
			isa = XCBuildConfiguration;
			buildSettings = {
				ASSETCATALOG_COMPILER_APPICON_NAME = AppIcon;
				ASSETCATALOG_COMPILER_GLOBAL_ACCENT_COLOR_NAME = AccentColor;
				CODE_SIGN_STYLE = Automatic;
				CURRENT_PROJECT_VERSION = 1;
				DEVELOPMENT_ASSET_PATHS = "\"ShoppingApp/Preview Content\"";
				DEVELOPMENT_TEAM = 375Q233TBW;
				ENABLE_PREVIEWS = YES;
				GENERATE_INFOPLIST_FILE = YES;
				INFOPLIST_KEY_UIApplicationSceneManifest_Generation = YES;
				INFOPLIST_KEY_UIApplicationSupportsIndirectInputEvents = YES;
				INFOPLIST_KEY_UILaunchScreen_Generation = YES;
				INFOPLIST_KEY_UISupportedInterfaceOrientations_iPad = "UIInterfaceOrientationPortrait UIInterfaceOrientationPortraitUpsideDown UIInterfaceOrientationLandscapeLeft UIInterfaceOrientationLandscapeRight";
				INFOPLIST_KEY_UISupportedInterfaceOrientations_iPhone = "UIInterfaceOrientationPortrait UIInterfaceOrientationLandscapeLeft UIInterfaceOrientationLandscapeRight";
				LD_RUNPATH_SEARCH_PATHS = (
					"$(inherited)",
					"@executable_path/Frameworks",
				);
				MARKETING_VERSION = 1.0;
				PRODUCT_BUNDLE_IDENTIFIER = com.Tolgahan.ShoppingApp;
				PRODUCT_NAME = "$(TARGET_NAME)";
				SWIFT_EMIT_LOC_STRINGS = YES;
				SWIFT_VERSION = 5.0;
				TARGETED_DEVICE_FAMILY = "1,2";
			};
			name = Release;
		};
/* End XCBuildConfiguration section */

/* Begin XCConfigurationList section */
		41F7074F29F2C3B1009281D6 /* Build configuration list for PBXProject "ShoppingApp" */ = {
			isa = XCConfigurationList;
			buildConfigurations = (
				41F7076029F2C3B2009281D6 /* Debug */,
				41F7076129F2C3B2009281D6 /* Release */,
			);
			defaultConfigurationIsVisible = 0;
			defaultConfigurationName = Release;
		};
		41F7076229F2C3B2009281D6 /* Build configuration list for PBXNativeTarget "ShoppingApp" */ = {
			isa = XCConfigurationList;
			buildConfigurations = (
				41F7076329F2C3B2009281D6 /* Debug */,
				41F7076429F2C3B2009281D6 /* Release */,
			);
			defaultConfigurationIsVisible = 0;
			defaultConfigurationName = Release;
		};
/* End XCConfigurationList section */

/* Begin XCRemoteSwiftPackageReference section */
		414355B929F44D400021D1BF /* XCRemoteSwiftPackageReference "firebase-ios-sdk" */ = {
			isa = XCRemoteSwiftPackageReference;
			repositoryURL = "https://github.com/firebase/firebase-ios-sdk";
			requirement = {
				kind = upToNextMajorVersion;
				minimumVersion = 10.0.0;
			};
		};
/* End XCRemoteSwiftPackageReference section */

/* Begin XCSwiftPackageProductDependency section */
		414355BA29F44D400021D1BF /* FirebaseAnalytics */ = {
			isa = XCSwiftPackageProductDependency;
			package = 414355B929F44D400021D1BF /* XCRemoteSwiftPackageReference "firebase-ios-sdk" */;
			productName = FirebaseAnalytics;
		};
		414355BC29F44D400021D1BF /* FirebaseAnalyticsOnDeviceConversion */ = {
			isa = XCSwiftPackageProductDependency;
			package = 414355B929F44D400021D1BF /* XCRemoteSwiftPackageReference "firebase-ios-sdk" */;
			productName = FirebaseAnalyticsOnDeviceConversion;
		};
		414355BE29F44D400021D1BF /* FirebaseAnalyticsSwift */ = {
			isa = XCSwiftPackageProductDependency;
			package = 414355B929F44D400021D1BF /* XCRemoteSwiftPackageReference "firebase-ios-sdk" */;
			productName = FirebaseAnalyticsSwift;
		};
		414355C029F44D400021D1BF /* FirebaseAnalyticsWithoutAdIdSupport */ = {
			isa = XCSwiftPackageProductDependency;
			package = 414355B929F44D400021D1BF /* XCRemoteSwiftPackageReference "firebase-ios-sdk" */;
			productName = FirebaseAnalyticsWithoutAdIdSupport;
		};
		414355C229F44D400021D1BF /* FirebaseAppCheck */ = {
			isa = XCSwiftPackageProductDependency;
			package = 414355B929F44D400021D1BF /* XCRemoteSwiftPackageReference "firebase-ios-sdk" */;
			productName = FirebaseAppCheck;
		};
		414355C429F44D400021D1BF /* FirebaseAppDistribution-Beta */ = {
			isa = XCSwiftPackageProductDependency;
			package = 414355B929F44D400021D1BF /* XCRemoteSwiftPackageReference "firebase-ios-sdk" */;
			productName = "FirebaseAppDistribution-Beta";
		};
		414355C629F44D400021D1BF /* FirebaseAuth */ = {
			isa = XCSwiftPackageProductDependency;
			package = 414355B929F44D400021D1BF /* XCRemoteSwiftPackageReference "firebase-ios-sdk" */;
			productName = FirebaseAuth;
		};
		414355C829F44D400021D1BF /* FirebaseAuthCombine-Community */ = {
			isa = XCSwiftPackageProductDependency;
			package = 414355B929F44D400021D1BF /* XCRemoteSwiftPackageReference "firebase-ios-sdk" */;
			productName = "FirebaseAuthCombine-Community";
		};
		414355CA29F44D400021D1BF /* FirebaseCrashlytics */ = {
			isa = XCSwiftPackageProductDependency;
			package = 414355B929F44D400021D1BF /* XCRemoteSwiftPackageReference "firebase-ios-sdk" */;
			productName = FirebaseCrashlytics;
		};
		414355CC29F44D400021D1BF /* FirebaseDatabase */ = {
			isa = XCSwiftPackageProductDependency;
			package = 414355B929F44D400021D1BF /* XCRemoteSwiftPackageReference "firebase-ios-sdk" */;
			productName = FirebaseDatabase;
		};
		414355CE29F44D400021D1BF /* FirebaseDatabaseSwift */ = {
			isa = XCSwiftPackageProductDependency;
			package = 414355B929F44D400021D1BF /* XCRemoteSwiftPackageReference "firebase-ios-sdk" */;
			productName = FirebaseDatabaseSwift;
		};
		414355D029F44D400021D1BF /* FirebaseFirestore */ = {
			isa = XCSwiftPackageProductDependency;
			package = 414355B929F44D400021D1BF /* XCRemoteSwiftPackageReference "firebase-ios-sdk" */;
			productName = FirebaseFirestore;
		};
		414355D229F44D400021D1BF /* FirebaseFirestoreSwift */ = {
			isa = XCSwiftPackageProductDependency;
			package = 414355B929F44D400021D1BF /* XCRemoteSwiftPackageReference "firebase-ios-sdk" */;
			productName = FirebaseFirestoreSwift;
		};
		414355D429F44D400021D1BF /* FirebaseMessaging */ = {
			isa = XCSwiftPackageProductDependency;
			package = 414355B929F44D400021D1BF /* XCRemoteSwiftPackageReference "firebase-ios-sdk" */;
			productName = FirebaseMessaging;
		};
		414355D629F44D400021D1BF /* FirebasePerformance */ = {
			isa = XCSwiftPackageProductDependency;
			package = 414355B929F44D400021D1BF /* XCRemoteSwiftPackageReference "firebase-ios-sdk" */;
			productName = FirebasePerformance;
		};
		414355D829F44D400021D1BF /* FirebaseRemoteConfig */ = {
			isa = XCSwiftPackageProductDependency;
			package = 414355B929F44D400021D1BF /* XCRemoteSwiftPackageReference "firebase-ios-sdk" */;
			productName = FirebaseRemoteConfig;
		};
		414355DA29F44D400021D1BF /* FirebaseRemoteConfigSwift */ = {
			isa = XCSwiftPackageProductDependency;
			package = 414355B929F44D400021D1BF /* XCRemoteSwiftPackageReference "firebase-ios-sdk" */;
			productName = FirebaseRemoteConfigSwift;
		};
		414355DC29F44D400021D1BF /* FirebaseStorage */ = {
			isa = XCSwiftPackageProductDependency;
			package = 414355B929F44D400021D1BF /* XCRemoteSwiftPackageReference "firebase-ios-sdk" */;
			productName = FirebaseStorage;
		};
		414355DE29F44D400021D1BF /* FirebaseStorageCombine-Community */ = {
			isa = XCSwiftPackageProductDependency;
			package = 414355B929F44D400021D1BF /* XCRemoteSwiftPackageReference "firebase-ios-sdk" */;
			productName = "FirebaseStorageCombine-Community";
		};
/* End XCSwiftPackageProductDependency section */
	};
	rootObject = 41F7074C29F2C3B1009281D6 /* Project object */;
}
